// !$*UTF8*$!
{
	archiveVersion = 1;
	classes = {
	};
	objectVersion = 50;
	objects = {

/* Begin PBXBuildFile section */
		9573771D26CCD022005C4643 /* AppDelegate.swift in Sources */ = {isa = PBXBuildFile; fileRef = 9573771C26CCD022005C4643 /* AppDelegate.swift */; };
		9573771F26CCD022005C4643 /* SceneDelegate.swift in Sources */ = {isa = PBXBuildFile; fileRef = 9573771E26CCD022005C4643 /* SceneDelegate.swift */; };
		9573772126CCD022005C4643 /* AddStoryPtomptViewController.swift in Sources */ = {isa = PBXBuildFile; fileRef = 9573772026CCD022005C4643 /* AddStoryPtomptViewController.swift */; };
		9573772426CCD022005C4643 /* Main.storyboard in Resources */ = {isa = PBXBuildFile; fileRef = 9573772226CCD022005C4643 /* Main.storyboard */; };
		9573772626CCD022005C4643 /* Assets.xcassets in Resources */ = {isa = PBXBuildFile; fileRef = 9573772526CCD022005C4643 /* Assets.xcassets */; };
		9573772926CCD022005C4643 /* LaunchScreen.storyboard in Resources */ = {isa = PBXBuildFile; fileRef = 9573772726CCD022005C4643 /* LaunchScreen.storyboard */; };
		9573773226CCD113005C4643 /* StoryPromptEntry.swift in Sources */ = {isa = PBXBuildFile; fileRef = 9573773126CCD113005C4643 /* StoryPromptEntry.swift */; };
		9573773426CCD124005C4643 /* StoryPrompts.swift in Sources */ = {isa = PBXBuildFile; fileRef = 9573773326CCD124005C4643 /* StoryPrompts.swift */; };
		9573773626CCEADE005C4643 /* StoryPromptViewController.swift in Sources */ = {isa = PBXBuildFile; fileRef = 9573773526CCEADE005C4643 /* StoryPromptViewController.swift */; };
		9573773926CCF5E2005C4643 /* StoryPromptTableViewController.swift in Sources */ = {isa = PBXBuildFile; fileRef = 9573773826CCF5E2005C4643 /* StoryPromptTableViewController.swift */; };
/* End PBXBuildFile section */

/* Begin PBXFileReference section */
		9573771926CCD022005C4643 /* StoryPrompt.app */ = {isa = PBXFileReference; explicitFileType = wrapper.application; includeInIndex = 0; path = StoryPrompt.app; sourceTree = BUILT_PRODUCTS_DIR; };
		9573771C26CCD022005C4643 /* AppDelegate.swift */ = {isa = PBXFileReference; lastKnownFileType = sourcecode.swift; path = AppDelegate.swift; sourceTree = "<group>"; };
		9573771E26CCD022005C4643 /* SceneDelegate.swift */ = {isa = PBXFileReference; lastKnownFileType = sourcecode.swift; path = SceneDelegate.swift; sourceTree = "<group>"; };
		9573772026CCD022005C4643 /* AddStoryPtomptViewController.swift */ = {isa = PBXFileReference; lastKnownFileType = sourcecode.swift; path = AddStoryPtomptViewController.swift; sourceTree = "<group>"; };
		9573772326CCD022005C4643 /* Base */ = {isa = PBXFileReference; lastKnownFileType = file.storyboard; name = Base; path = Base.lproj/Main.storyboard; sourceTree = "<group>"; };
		9573772526CCD022005C4643 /* Assets.xcassets */ = {isa = PBXFileReference; lastKnownFileType = folder.assetcatalog; path = Assets.xcassets; sourceTree = "<group>"; };
		9573772826CCD022005C4643 /* Base */ = {isa = PBXFileReference; lastKnownFileType = file.storyboard; name = Base; path = Base.lproj/LaunchScreen.storyboard; sourceTree = "<group>"; };
		9573772A26CCD022005C4643 /* Info.plist */ = {isa = PBXFileReference; lastKnownFileType = text.plist.xml; path = Info.plist; sourceTree = "<group>"; };
		9573773126CCD113005C4643 /* StoryPromptEntry.swift */ = {isa = PBXFileReference; lastKnownFileType = sourcecode.swift; path = StoryPromptEntry.swift; sourceTree = "<group>"; };
		9573773326CCD124005C4643 /* StoryPrompts.swift */ = {isa = PBXFileReference; lastKnownFileType = sourcecode.swift; path = StoryPrompts.swift; sourceTree = "<group>"; };
		9573773526CCEADE005C4643 /* StoryPromptViewController.swift */ = {isa = PBXFileReference; lastKnownFileType = sourcecode.swift; path = StoryPromptViewController.swift; sourceTree = "<group>"; };
		9573773826CCF5E2005C4643 /* StoryPromptTableViewController.swift */ = {isa = PBXFileReference; lastKnownFileType = sourcecode.swift; path = StoryPromptTableViewController.swift; sourceTree = "<group>"; };
/* End PBXFileReference section */

/* Begin PBXFrameworksBuildPhase section */
		9573771626CCD022005C4643 /* Frameworks */ = {
			isa = PBXFrameworksBuildPhase;
			buildActionMask = 2147483647;
			files = (
			);
			runOnlyForDeploymentPostprocessing = 0;
		};
/* End PBXFrameworksBuildPhase section */

/* Begin PBXGroup section */
		9573771026CCD022005C4643 = {
			isa = PBXGroup;
			children = (
				9573771B26CCD022005C4643 /* StoryPrompt */,
				9573771A26CCD022005C4643 /* Products */,
			);
			sourceTree = "<group>";
		};
		9573771A26CCD022005C4643 /* Products */ = {
			isa = PBXGroup;
			children = (
				9573771926CCD022005C4643 /* StoryPrompt.app */,
			);
			name = Products;
			sourceTree = "<group>";
		};
		9573771B26CCD022005C4643 /* StoryPrompt */ = {
			isa = PBXGroup;
			children = (
				9573773726CCEAED005C4643 /* View Controller */,
				9573773026CCD0E4005C4643 /* Model */,
				9573771C26CCD022005C4643 /* AppDelegate.swift */,
				9573771E26CCD022005C4643 /* SceneDelegate.swift */,
				9573772226CCD022005C4643 /* Main.storyboard */,
				9573772526CCD022005C4643 /* Assets.xcassets */,
				9573772726CCD022005C4643 /* LaunchScreen.storyboard */,
				9573772A26CCD022005C4643 /* Info.plist */,
			);
			path = StoryPrompt;
			sourceTree = "<group>";
		};
		9573773026CCD0E4005C4643 /* Model */ = {
			isa = PBXGroup;
			children = (
				9573773126CCD113005C4643 /* StoryPromptEntry.swift */,
				9573773326CCD124005C4643 /* StoryPrompts.swift */,
			);
			path = Model;
			sourceTree = "<group>";
		};
		9573773726CCEAED005C4643 /* View Controller */ = {
			isa = PBXGroup;
			children = (
				9573772026CCD022005C4643 /* AddStoryPtomptViewController.swift */,
				9573773526CCEADE005C4643 /* StoryPromptViewController.swift */,
				9573773826CCF5E2005C4643 /* StoryPromptTableViewController.swift */,
			);
			path = "View Controller";
			sourceTree = "<group>";
		};
/* End PBXGroup section */

/* Begin PBXNativeTarget section */
		9573771826CCD022005C4643 /* StoryPrompt */ = {
			isa = PBXNativeTarget;
			buildConfigurationList = 9573772D26CCD022005C4643 /* Build configuration list for PBXNativeTarget "StoryPrompt" */;
			buildPhases = (
				9573771526CCD022005C4643 /* Sources */,
				9573771626CCD022005C4643 /* Frameworks */,
				9573771726CCD022005C4643 /* Resources */,
			);
			buildRules = (
			);
			dependencies = (
			);
			name = StoryPrompt;
			productName = StoryPrompt;
			productReference = 9573771926CCD022005C4643 /* StoryPrompt.app */;
			productType = "com.apple.product-type.application";
		};
/* End PBXNativeTarget section */

/* Begin PBXProject section */
		9573771126CCD022005C4643 /* Project object */ = {
			isa = PBXProject;
			attributes = {
				LastSwiftUpdateCheck = 1250;
				LastUpgradeCheck = 1250;
				TargetAttributes = {
					9573771826CCD022005C4643 = {
						CreatedOnToolsVersion = 12.5.1;
					};
				};
			};
			buildConfigurationList = 9573771426CCD022005C4643 /* Build configuration list for PBXProject "StoryPrompt" */;
			compatibilityVersion = "Xcode 9.3";
			developmentRegion = en;
			hasScannedForEncodings = 0;
			knownRegions = (
				en,
				Base,
			);
			mainGroup = 9573771026CCD022005C4643;
			productRefGroup = 9573771A26CCD022005C4643 /* Products */;
			projectDirPath = "";
			projectRoot = "";
			targets = (
				9573771826CCD022005C4643 /* StoryPrompt */,
			);
		};
/* End PBXProject section */

/* Begin PBXResourcesBuildPhase section */
		9573771726CCD022005C4643 /* Resources */ = {
			isa = PBXResourcesBuildPhase;
			buildActionMask = 2147483647;
			files = (
				9573772926CCD022005C4643 /* LaunchScreen.storyboard in Resources */,
				9573772626CCD022005C4643 /* Assets.xcassets in Resources */,
				9573772426CCD022005C4643 /* Main.storyboard in Resources */,
			);
			runOnlyForDeploymentPostprocessing = 0;
		};
/* End PBXResourcesBuildPhase section */

/* Begin PBXSourcesBuildPhase section */
		9573771526CCD022005C4643 /* Sources */ = {
			isa = PBXSourcesBuildPhase;
			buildActionMask = 2147483647;
			files = (
				9573773926CCF5E2005C4643 /* StoryPromptTableViewController.swift in Sources */,
				9573773626CCEADE005C4643 /* StoryPromptViewController.swift in Sources */,
				9573773426CCD124005C4643 /* StoryPrompts.swift in Sources */,
				9573772126CCD022005C4643 /* AddStoryPtomptViewController.swift in Sources */,
				9573771D26CCD022005C4643 /* AppDelegate.swift in Sources */,
				9573773226CCD113005C4643 /* StoryPromptEntry.swift in Sources */,
				9573771F26CCD022005C4643 /* SceneDelegate.swift in Sources */,
			);
			runOnlyForDeploymentPostprocessing = 0;
		};
/* End PBXSourcesBuildPhase section */

/* Begin PBXVariantGroup section */
		9573772226CCD022005C4643 /* Main.storyboard */ = {
			isa = PBXVariantGroup;
			children = (
				9573772326CCD022005C4643 /* Base */,
			);
			name = Main.storyboard;
			sourceTree = "<group>";
		};
		9573772726CCD022005C4643 /* LaunchScreen.storyboard */ = {
			isa = PBXVariantGroup;
			children = (
				9573772826CCD022005C4643 /* Base */,
			);
			name = LaunchScreen.storyboard;
			sourceTree = "<group>";
		};
/* End PBXVariantGroup section */

/* Begin XCBuildConfiguration section */
		9573772B26CCD022005C4643 /* Debug */ = {
			isa = XCBuildConfiguration;
			buildSettings = {
				ALWAYS_SEARCH_USER_PATHS = NO;
				CLANG_ANALYZER_NONNULL = YES;
				CLANG_ANALYZER_NUMBER_OBJECT_CONVERSION = YES_AGGRESSIVE;
				CLANG_CXX_LANGUAGE_STANDARD = "gnu++14";
				CLANG_CXX_LIBRARY = "libc++";
				CLANG_ENABLE_MODULES = YES;
				CLANG_ENABLE_OBJC_ARC = YES;
				CLANG_ENABLE_OBJC_WEAK = YES;
				CLANG_WARN_BLOCK_CAPTURE_AUTORELEASING = YES;
				CLANG_WARN_BOOL_CONVERSION = YES;
				CLANG_WARN_COMMA = YES;
				CLANG_WARN_CONSTANT_CONVERSION = YES;
				CLANG_WARN_DEPRECATED_OBJC_IMPLEMENTATIONS = YES;
				CLANG_WARN_DIRECT_OBJC_ISA_USAGE = YES_ERROR;
				CLANG_WARN_DOCUMENTATION_COMMENTS = YES;
				CLANG_WARN_EMPTY_BODY = YES;
				CLANG_WARN_ENUM_CONVERSION = YES;
				CLANG_WARN_INFINITE_RECURSION = YES;
				CLANG_WARN_INT_CONVERSION = YES;
				CLANG_WARN_NON_LITERAL_NULL_CONVERSION = YES;
				CLANG_WARN_OBJC_IMPLICIT_RETAIN_SELF = YES;
				CLANG_WARN_OBJC_LITERAL_CONVERSION = YES;
				CLANG_WARN_OBJC_ROOT_CLASS = YES_ERROR;
				CLANG_WARN_QUOTED_INCLUDE_IN_FRAMEWORK_HEADER = YES;
				CLANG_WARN_RANGE_LOOP_ANALYSIS = YES;
				CLANG_WARN_STRICT_PROTOTYPES = YES;
				CLANG_WARN_SUSPICIOUS_MOVE = YES;
				CLANG_WARN_UNGUARDED_AVAILABILITY = YES_AGGRESSIVE;
				CLANG_WARN_UNREACHABLE_CODE = YES;
				CLANG_WARN__DUPLICATE_METHOD_MATCH = YES;
				COPY_PHASE_STRIP = NO;
				DEBUG_INFORMATION_FORMAT = dwarf;
				ENABLE_STRICT_OBJC_MSGSEND = YES;
				ENABLE_TESTABILITY = YES;
				GCC_C_LANGUAGE_STANDARD = gnu11;
				GCC_DYNAMIC_NO_PIC = NO;
				GCC_NO_COMMON_BLOCKS = YES;
				GCC_OPTIMIZATION_LEVEL = 0;
				GCC_PREPROCESSOR_DEFINITIONS = (
					"DEBUG=1",
					"$(inherited)",
				);
				GCC_WARN_64_TO_32_BIT_CONVERSION = YES;
				GCC_WARN_ABOUT_RETURN_TYPE = YES_ERROR;
				GCC_WARN_UNDECLARED_SELECTOR = YES;
				GCC_WARN_UNINITIALIZED_AUTOS = YES_AGGRESSIVE;
				GCC_WARN_UNUSED_FUNCTION = YES;
				GCC_WARN_UNUSED_VARIABLE = YES;
				IPHONEOS_DEPLOYMENT_TARGET = 14.5;
				MTL_ENABLE_DEBUG_INFO = INCLUDE_SOURCE;
				MTL_FAST_MATH = YES;
				ONLY_ACTIVE_ARCH = YES;
				SDKROOT = iphoneos;
				SWIFT_ACTIVE_COMPILATION_CONDITIONS = DEBUG;
				SWIFT_OPTIMIZATION_LEVEL = "-Onone";
			};
			name = Debug;
		};
		9573772C26CCD022005C4643 /* Release */ = {
			isa = XCBuildConfiguration;
			buildSettings = {
				ALWAYS_SEARCH_USER_PATHS = NO;
				CLANG_ANALYZER_NONNULL = YES;
				CLANG_ANALYZER_NUMBER_OBJECT_CONVERSION = YES_AGGRESSIVE;
				CLANG_CXX_LANGUAGE_STANDARD = "gnu++14";
				CLANG_CXX_LIBRARY = "libc++";
				CLANG_ENABLE_MODULES = YES;
				CLANG_ENABLE_OBJC_ARC = YES;
				CLANG_ENABLE_OBJC_WEAK = YES;
				CLANG_WARN_BLOCK_CAPTURE_AUTORELEASING = YES;
				CLANG_WARN_BOOL_CONVERSION = YES;
				CLANG_WARN_COMMA = YES;
				CLANG_WARN_CONSTANT_CONVERSION = YES;
				CLANG_WARN_DEPRECATED_OBJC_IMPLEMENTATIONS = YES;
				CLANG_WARN_DIRECT_OBJC_ISA_USAGE = YES_ERROR;
				CLANG_WARN_DOCUMENTATION_COMMENTS = YES;
				CLANG_WARN_EMPTY_BODY = YES;
				CLANG_WARN_ENUM_CONVERSION = YES;
				CLANG_WARN_INFINITE_RECURSION = YES;
				CLANG_WARN_INT_CONVERSION = YES;
				CLANG_WARN_NON_LITERAL_NULL_CONVERSION = YES;
				CLANG_WARN_OBJC_IMPLICIT_RETAIN_SELF = YES;
				CLANG_WARN_OBJC_LITERAL_CONVERSION = YES;
				CLANG_WARN_OBJC_ROOT_CLASS = YES_ERROR;
				CLANG_WARN_QUOTED_INCLUDE_IN_FRAMEWORK_HEADER = YES;
				CLANG_WARN_RANGE_LOOP_ANALYSIS = YES;
				CLANG_WARN_STRICT_PROTOTYPES = YES;
				CLANG_WARN_SUSPICIOUS_MOVE = YES;
				CLANG_WARN_UNGUARDED_AVAILABILITY = YES_AGGRESSIVE;
				CLANG_WARN_UNREACHABLE_CODE = YES;
				CLANG_WARN__DUPLICATE_METHOD_MATCH = YES;
				COPY_PHASE_STRIP = NO;
				DEBUG_INFORMATION_FORMAT = "dwarf-with-dsym";
				ENABLE_NS_ASSERTIONS = NO;
				ENABLE_STRICT_OBJC_MSGSEND = YES;
				GCC_C_LANGUAGE_STANDARD = gnu11;
				GCC_NO_COMMON_BLOCKS = YES;
				GCC_WARN_64_TO_32_BIT_CONVERSION = YES;
				GCC_WARN_ABOUT_RETURN_TYPE = YES_ERROR;
				GCC_WARN_UNDECLARED_SELECTOR = YES;
				GCC_WARN_UNINITIALIZED_AUTOS = YES_AGGRESSIVE;
				GCC_WARN_UNUSED_FUNCTION = YES;
				GCC_WARN_UNUSED_VARIABLE = YES;
				IPHONEOS_DEPLOYMENT_TARGET = 14.5;
				MTL_ENABLE_DEBUG_INFO = NO;
				MTL_FAST_MATH = YES;
				SDKROOT = iphoneos;
				SWIFT_COMPILATION_MODE = wholemodule;
				SWIFT_OPTIMIZATION_LEVEL = "-O";
				VALIDATE_PRODUCT = YES;
			};
			name = Release;
		};
		9573772E26CCD022005C4643 /* Debug */ = {
			isa = XCBuildConfiguration;
			buildSettings = {
				ASSETCATALOG_COMPILER_APPICON_NAME = AppIcon;
				ASSETCATALOG_COMPILER_GLOBAL_ACCENT_COLOR_NAME = AccentColor;
				CODE_SIGN_STYLE = Automatic;
				DEVELOPMENT_TEAM = 399236YMWF;
				INFOPLIST_FILE = StoryPrompt/Info.plist;
				LD_RUNPATH_SEARCH_PATHS = (
					"$(inherited)",
					"@executable_path/Frameworks",
				);
				PRODUCT_BUNDLE_IDENTIFIER = kr.study.StoryPrompt;
				PRODUCT_NAME = "$(TARGET_NAME)";
				SWIFT_VERSION = 5.0;
				TARGETED_DEVICE_FAMILY = "1,2";
			};
			name = Debug;
		};
		9573772F26CCD022005C4643 /* Release */ = {
			isa = XCBuildConfiguration;
			buildSettings = {
				ASSETCATALOG_COMPILER_APPICON_NAME = AppIcon;
				ASSETCATALOG_COMPILER_GLOBAL_ACCENT_COLOR_NAME = AccentColor;
				CODE_SIGN_STYLE = Automatic;
				DEVELOPMENT_TEAM = 399236YMWF;
				INFOPLIST_FILE = StoryPrompt/Info.plist;
				LD_RUNPATH_SEARCH_PATHS = (
					"$(inherited)",
					"@executable_path/Frameworks",
				);
				PRODUCT_BUNDLE_IDENTIFIER = kr.study.StoryPrompt;
				PRODUCT_NAME = "$(TARGET_NAME)";
				SWIFT_VERSION = 5.0;
				TARGETED_DEVICE_FAMILY = "1,2";
			};
			name = Release;
		};
/* End XCBuildConfiguration section */

/* Begin XCConfigurationList section */
		9573771426CCD022005C4643 /* Build configuration list for PBXProject "StoryPrompt" */ = {
			isa = XCConfigurationList;
			buildConfigurations = (
				9573772B26CCD022005C4643 /* Debug */,
				9573772C26CCD022005C4643 /* Release */,
			);
			defaultConfigurationIsVisible = 0;
			defaultConfigurationName = Release;
		};
		9573772D26CCD022005C4643 /* Build configuration list for PBXNativeTarget "StoryPrompt" */ = {
			isa = XCConfigurationList;
			buildConfigurations = (
				9573772E26CCD022005C4643 /* Debug */,
				9573772F26CCD022005C4643 /* Release */,
			);
			defaultConfigurationIsVisible = 0;
			defaultConfigurationName = Release;
		};
/* End XCConfigurationList section */
	};
	rootObject = 9573771126CCD022005C4643 /* Project object */;
}
