// !$*UTF8*$!
{
	archiveVersion = 1;
	classes = {
	};
	objectVersion = 50;
	objects = {

/* Begin PBXBuildFile section */
		0D5795562420381E002DBE96 /* SecondViewController.swift in Sources */ = {isa = PBXBuildFile; fileRef = 0D5795552420381E002DBE96 /* SecondViewController.swift */; };
		0DBD1E4F241AF0A300FB391D /* AppDelegate.swift in Sources */ = {isa = PBXBuildFile; fileRef = 0DBD1E4E241AF0A300FB391D /* AppDelegate.swift */; };
		0DBD1E51241AF0A300FB391D /* SceneDelegate.swift in Sources */ = {isa = PBXBuildFile; fileRef = 0DBD1E50241AF0A300FB391D /* SceneDelegate.swift */; };
		0DBD1E53241AF0A300FB391D /* ViewController.swift in Sources */ = {isa = PBXBuildFile; fileRef = 0DBD1E52241AF0A300FB391D /* ViewController.swift */; };
		0DBD1E56241AF0A300FB391D /* Main.storyboard in Resources */ = {isa = PBXBuildFile; fileRef = 0DBD1E54241AF0A300FB391D /* Main.storyboard */; };
		0DBD1E58241AF0A400FB391D /* Assets.xcassets in Resources */ = {isa = PBXBuildFile; fileRef = 0DBD1E57241AF0A400FB391D /* Assets.xcassets */; };
		0DBD1E5B241AF0A400FB391D /* LaunchScreen.storyboard in Resources */ = {isa = PBXBuildFile; fileRef = 0DBD1E59241AF0A400FB391D /* LaunchScreen.storyboard */; };
/* End PBXBuildFile section */

/* Begin PBXFileReference section */
		0D5795552420381E002DBE96 /* SecondViewController.swift */ = {isa = PBXFileReference; lastKnownFileType = sourcecode.swift; path = SecondViewController.swift; sourceTree = "<group>"; };
		0DBD1E4B241AF0A300FB391D /* Scene-Trans02.app */ = {isa = PBXFileReference; explicitFileType = wrapper.application; includeInIndex = 0; path = "Scene-Trans02.app"; sourceTree = BUILT_PRODUCTS_DIR; };
		0DBD1E4E241AF0A300FB391D /* AppDelegate.swift */ = {isa = PBXFileReference; lastKnownFileType = sourcecode.swift; path = AppDelegate.swift; sourceTree = "<group>"; };
		0DBD1E50241AF0A300FB391D /* SceneDelegate.swift */ = {isa = PBXFileReference; lastKnownFileType = sourcecode.swift; path = SceneDelegate.swift; sourceTree = "<group>"; };
		0DBD1E52241AF0A300FB391D /* ViewController.swift */ = {isa = PBXFileReference; lastKnownFileType = sourcecode.swift; path = ViewController.swift; sourceTree = "<group>"; };
		0DBD1E55241AF0A300FB391D /* Base */ = {isa = PBXFileReference; lastKnownFileType = file.storyboard; name = Base; path = Base.lproj/Main.storyboard; sourceTree = "<group>"; };
		0DBD1E57241AF0A400FB391D /* Assets.xcassets */ = {isa = PBXFileReference; lastKnownFileType = folder.assetcatalog; path = Assets.xcassets; sourceTree = "<group>"; };
		0DBD1E5A241AF0A400FB391D /* Base */ = {isa = PBXFileReference; lastKnownFileType = file.storyboard; name = Base; path = Base.lproj/LaunchScreen.storyboard; sourceTree = "<group>"; };
		0DBD1E5C241AF0A400FB391D /* Info.plist */ = {isa = PBXFileReference; lastKnownFileType = text.plist.xml; path = Info.plist; sourceTree = "<group>"; };
/* End PBXFileReference section */

/* Begin PBXFrameworksBuildPhase section */
		0DBD1E48241AF0A300FB391D /* Frameworks */ = {
			isa = PBXFrameworksBuildPhase;
			buildActionMask = 2147483647;
			files = (
			);
			runOnlyForDeploymentPostprocessing = 0;
		};
/* End PBXFrameworksBuildPhase section */

/* Begin PBXGroup section */
		0DBD1E42241AF0A300FB391D = {
			isa = PBXGroup;
			children = (
				0DBD1E4D241AF0A300FB391D /* Scene-Trans02 */,
				0DBD1E4C241AF0A300FB391D /* Products */,
			);
			sourceTree = "<group>";
		};
		0DBD1E4C241AF0A300FB391D /* Products */ = {
			isa = PBXGroup;
			children = (
				0DBD1E4B241AF0A300FB391D /* Scene-Trans02.app */,
			);
			name = Products;
			sourceTree = "<group>";
		};
		0DBD1E4D241AF0A300FB391D /* Scene-Trans02 */ = {
			isa = PBXGroup;
			children = (
				0DBD1E4E241AF0A300FB391D /* AppDelegate.swift */,
				0DBD1E50241AF0A300FB391D /* SceneDelegate.swift */,
				0DBD1E52241AF0A300FB391D /* ViewController.swift */,
				0DBD1E54241AF0A300FB391D /* Main.storyboard */,
				0DBD1E57241AF0A400FB391D /* Assets.xcassets */,
				0DBD1E59241AF0A400FB391D /* LaunchScreen.storyboard */,
				0DBD1E5C241AF0A400FB391D /* Info.plist */,
				0D5795552420381E002DBE96 /* SecondViewController.swift */,
			);
			path = "Scene-Trans02";
			sourceTree = "<group>";
		};
/* End PBXGroup section */

/* Begin PBXNativeTarget section */
		0DBD1E4A241AF0A300FB391D /* Scene-Trans02 */ = {
			isa = PBXNativeTarget;
			buildConfigurationList = 0DBD1E5F241AF0A400FB391D /* Build configuration list for PBXNativeTarget "Scene-Trans02" */;
			buildPhases = (
				0DBD1E47241AF0A300FB391D /* Sources */,
				0DBD1E48241AF0A300FB391D /* Frameworks */,
				0DBD1E49241AF0A300FB391D /* Resources */,
			);
			buildRules = (
			);
			dependencies = (
			);
			name = "Scene-Trans02";
			productName = "Scene-Trans02";
			productReference = 0DBD1E4B241AF0A300FB391D /* Scene-Trans02.app */;
			productType = "com.apple.product-type.application";
		};
/* End PBXNativeTarget section */

/* Begin PBXProject section */
		0DBD1E43241AF0A300FB391D /* Project object */ = {
			isa = PBXProject;
			attributes = {
				LastSwiftUpdateCheck = 1130;
				LastUpgradeCheck = 1130;
				ORGANIZATIONNAME = n;
				TargetAttributes = {
					0DBD1E4A241AF0A300FB391D = {
						CreatedOnToolsVersion = 11.3.1;
					};
				};
			};
			buildConfigurationList = 0DBD1E46241AF0A300FB391D /* Build configuration list for PBXProject "Scene-Trans02" */;
			compatibilityVersion = "Xcode 9.3";
			developmentRegion = en;
			hasScannedForEncodings = 0;
			knownRegions = (
				en,
				Base,
			);
			mainGroup = 0DBD1E42241AF0A300FB391D;
			productRefGroup = 0DBD1E4C241AF0A300FB391D /* Products */;
			projectDirPath = "";
			projectRoot = "";
			targets = (
				0DBD1E4A241AF0A300FB391D /* Scene-Trans02 */,
			);
		};
/* End PBXProject section */

/* Begin PBXResourcesBuildPhase section */
		0DBD1E49241AF0A300FB391D /* Resources */ = {
			isa = PBXResourcesBuildPhase;
			buildActionMask = 2147483647;
			files = (
				0DBD1E5B241AF0A400FB391D /* LaunchScreen.storyboard in Resources */,
				0DBD1E58241AF0A400FB391D /* Assets.xcassets in Resources */,
				0DBD1E56241AF0A300FB391D /* Main.storyboard in Resources */,
			);
			runOnlyForDeploymentPostprocessing = 0;
		};
/* End PBXResourcesBuildPhase section */

/* Begin PBXSourcesBuildPhase section */
		0DBD1E47241AF0A300FB391D /* Sources */ = {
			isa = PBXSourcesBuildPhase;
			buildActionMask = 2147483647;
			files = (
				0D5795562420381E002DBE96 /* SecondViewController.swift in Sources */,
				0DBD1E53241AF0A300FB391D /* ViewController.swift in Sources */,
				0DBD1E4F241AF0A300FB391D /* AppDelegate.swift in Sources */,
				0DBD1E51241AF0A300FB391D /* SceneDelegate.swift in Sources */,
			);
			runOnlyForDeploymentPostprocessing = 0;
		};
/* End PBXSourcesBuildPhase section */

/* Begin PBXVariantGroup section */
		0DBD1E54241AF0A300FB391D /* Main.storyboard */ = {
			isa = PBXVariantGroup;
			children = (
				0DBD1E55241AF0A300FB391D /* Base */,
			);
			name = Main.storyboard;
			sourceTree = "<group>";
		};
		0DBD1E59241AF0A400FB391D /* LaunchScreen.storyboard */ = {
			isa = PBXVariantGroup;
			children = (
				0DBD1E5A241AF0A400FB391D /* Base */,
			);
			name = LaunchScreen.storyboard;
			sourceTree = "<group>";
		};
/* End PBXVariantGroup section */

/* Begin XCBuildConfiguration section */
		0DBD1E5D241AF0A400FB391D /* Debug */ = {
			isa = XCBuildConfiguration;
			buildSettings = {
				ALWAYS_SEARCH_USER_PATHS = NO;
				CLANG_ANALYZER_NONNULL = YES;
				CLANG_ANALYZER_NUMBER_OBJECT_CONVERSION = YES_AGGRESSIVE;
				CLANG_CXX_LANGUAGE_STANDARD = "gnu++14";
				CLANG_CXX_LIBRARY = "libc++";
				CLANG_ENABLE_MODULES = YES;
				CLANG_ENABLE_OBJC_ARC = YES;
				CLANG_ENABLE_OBJC_WEAK = YES;
				CLANG_WARN_BLOCK_CAPTURE_AUTORELEASING = YES;
				CLANG_WARN_BOOL_CONVERSION = YES;
				CLANG_WARN_COMMA = YES;
				CLANG_WARN_CONSTANT_CONVERSION = YES;
				CLANG_WARN_DEPRECATED_OBJC_IMPLEMENTATIONS = YES;
				CLANG_WARN_DIRECT_OBJC_ISA_USAGE = YES_ERROR;
				CLANG_WARN_DOCUMENTATION_COMMENTS = YES;
				CLANG_WARN_EMPTY_BODY = YES;
				CLANG_WARN_ENUM_CONVERSION = YES;
				CLANG_WARN_INFINITE_RECURSION = YES;
				CLANG_WARN_INT_CONVERSION = YES;
				CLANG_WARN_NON_LITERAL_NULL_CONVERSION = YES;
				CLANG_WARN_OBJC_IMPLICIT_RETAIN_SELF = YES;
				CLANG_WARN_OBJC_LITERAL_CONVERSION = YES;
				CLANG_WARN_OBJC_ROOT_CLASS = YES_ERROR;
				CLANG_WARN_RANGE_LOOP_ANALYSIS = YES;
				CLANG_WARN_STRICT_PROTOTYPES = YES;
				CLANG_WARN_SUSPICIOUS_MOVE = YES;
				CLANG_WARN_UNGUARDED_AVAILABILITY = YES_AGGRESSIVE;
				CLANG_WARN_UNREACHABLE_CODE = YES;
				CLANG_WARN__DUPLICATE_METHOD_MATCH = YES;
				COPY_PHASE_STRIP = NO;
				DEBUG_INFORMATION_FORMAT = dwarf;
				ENABLE_STRICT_OBJC_MSGSEND = YES;
				ENABLE_TESTABILITY = YES;
				GCC_C_LANGUAGE_STANDARD = gnu11;
				GCC_DYNAMIC_NO_PIC = NO;
				GCC_NO_COMMON_BLOCKS = YES;
				GCC_OPTIMIZATION_LEVEL = 0;
				GCC_PREPROCESSOR_DEFINITIONS = (
					"DEBUG=1",
					"$(inherited)",
				);
				GCC_WARN_64_TO_32_BIT_CONVERSION = YES;
				GCC_WARN_ABOUT_RETURN_TYPE = YES_ERROR;
				GCC_WARN_UNDECLARED_SELECTOR = YES;
				GCC_WARN_UNINITIALIZED_AUTOS = YES_AGGRESSIVE;
				GCC_WARN_UNUSED_FUNCTION = YES;
				GCC_WARN_UNUSED_VARIABLE = YES;
				IPHONEOS_DEPLOYMENT_TARGET = 13.2;
				MTL_ENABLE_DEBUG_INFO = INCLUDE_SOURCE;
				MTL_FAST_MATH = YES;
				ONLY_ACTIVE_ARCH = YES;
				SDKROOT = iphoneos;
				SWIFT_ACTIVE_COMPILATION_CONDITIONS = DEBUG;
				SWIFT_OPTIMIZATION_LEVEL = "-Onone";
			};
			name = Debug;
		};
		0DBD1E5E241AF0A400FB391D /* Release */ = {
			isa = XCBuildConfiguration;
			buildSettings = {
				ALWAYS_SEARCH_USER_PATHS = NO;
				CLANG_ANALYZER_NONNULL = YES;
				CLANG_ANALYZER_NUMBER_OBJECT_CONVERSION = YES_AGGRESSIVE;
				CLANG_CXX_LANGUAGE_STANDARD = "gnu++14";
				CLANG_CXX_LIBRARY = "libc++";
				CLANG_ENABLE_MODULES = YES;
				CLANG_ENABLE_OBJC_ARC = YES;
				CLANG_ENABLE_OBJC_WEAK = YES;
				CLANG_WARN_BLOCK_CAPTURE_AUTORELEASING = YES;
				CLANG_WARN_BOOL_CONVERSION = YES;
				CLANG_WARN_COMMA = YES;
				CLANG_WARN_CONSTANT_CONVERSION = YES;
				CLANG_WARN_DEPRECATED_OBJC_IMPLEMENTATIONS = YES;
				CLANG_WARN_DIRECT_OBJC_ISA_USAGE = YES_ERROR;
				CLANG_WARN_DOCUMENTATION_COMMENTS = YES;
				CLANG_WARN_EMPTY_BODY = YES;
				CLANG_WARN_ENUM_CONVERSION = YES;
				CLANG_WARN_INFINITE_RECURSION = YES;
				CLANG_WARN_INT_CONVERSION = YES;
				CLANG_WARN_NON_LITERAL_NULL_CONVERSION = YES;
				CLANG_WARN_OBJC_IMPLICIT_RETAIN_SELF = YES;
				CLANG_WARN_OBJC_LITERAL_CONVERSION = YES;
				CLANG_WARN_OBJC_ROOT_CLASS = YES_ERROR;
				CLANG_WARN_RANGE_LOOP_ANALYSIS = YES;
				CLANG_WARN_STRICT_PROTOTYPES = YES;
				CLANG_WARN_SUSPICIOUS_MOVE = YES;
				CLANG_WARN_UNGUARDED_AVAILABILITY = YES_AGGRESSIVE;
				CLANG_WARN_UNREACHABLE_CODE = YES;
				CLANG_WARN__DUPLICATE_METHOD_MATCH = YES;
				COPY_PHASE_STRIP = NO;
				DEBUG_INFORMATION_FORMAT = "dwarf-with-dsym";
				ENABLE_NS_ASSERTIONS = NO;
				ENABLE_STRICT_OBJC_MSGSEND = YES;
				GCC_C_LANGUAGE_STANDARD = gnu11;
				GCC_NO_COMMON_BLOCKS = YES;
				GCC_WARN_64_TO_32_BIT_CONVERSION = YES;
				GCC_WARN_ABOUT_RETURN_TYPE = YES_ERROR;
				GCC_WARN_UNDECLARED_SELECTOR = YES;
				GCC_WARN_UNINITIALIZED_AUTOS = YES_AGGRESSIVE;
				GCC_WARN_UNUSED_FUNCTION = YES;
				GCC_WARN_UNUSED_VARIABLE = YES;
				IPHONEOS_DEPLOYMENT_TARGET = 13.2;
				MTL_ENABLE_DEBUG_INFO = NO;
				MTL_FAST_MATH = YES;
				SDKROOT = iphoneos;
				SWIFT_COMPILATION_MODE = wholemodule;
				SWIFT_OPTIMIZATION_LEVEL = "-O";
				VALIDATE_PRODUCT = YES;
			};
			name = Release;
		};
		0DBD1E60241AF0A400FB391D /* Debug */ = {
			isa = XCBuildConfiguration;
			buildSettings = {
				ASSETCATALOG_COMPILER_APPICON_NAME = AppIcon;
				CODE_SIGN_STYLE = Automatic;
				DEVELOPMENT_TEAM = 399236YMWF;
				INFOPLIST_FILE = "Scene-Trans02/Info.plist";
				LD_RUNPATH_SEARCH_PATHS = (
					"$(inherited)",
					"@executable_path/Frameworks",
				);
				PRODUCT_BUNDLE_IDENTIFIER = "com.project.Scene-Trans02";
				PRODUCT_NAME = "$(TARGET_NAME)";
				SWIFT_VERSION = 5.0;
				TARGETED_DEVICE_FAMILY = "1,2";
			};
			name = Debug;
		};
		0DBD1E61241AF0A400FB391D /* Release */ = {
			isa = XCBuildConfiguration;
			buildSettings = {
				ASSETCATALOG_COMPILER_APPICON_NAME = AppIcon;
				CODE_SIGN_STYLE = Automatic;
				DEVELOPMENT_TEAM = 399236YMWF;
				INFOPLIST_FILE = "Scene-Trans02/Info.plist";
				LD_RUNPATH_SEARCH_PATHS = (
					"$(inherited)",
					"@executable_path/Frameworks",
				);
				PRODUCT_BUNDLE_IDENTIFIER = "com.project.Scene-Trans02";
				PRODUCT_NAME = "$(TARGET_NAME)";
				SWIFT_VERSION = 5.0;
				TARGETED_DEVICE_FAMILY = "1,2";
			};
			name = Release;
		};
/* End XCBuildConfiguration section */

/* Begin XCConfigurationList section */
		0DBD1E46241AF0A300FB391D /* Build configuration list for PBXProject "Scene-Trans02" */ = {
			isa = XCConfigurationList;
			buildConfigurations = (
				0DBD1E5D241AF0A400FB391D /* Debug */,
				0DBD1E5E241AF0A400FB391D /* Release */,
			);
			defaultConfigurationIsVisible = 0;
			defaultConfigurationName = Release;
		};
		0DBD1E5F241AF0A400FB391D /* Build configuration list for PBXNativeTarget "Scene-Trans02" */ = {
			isa = XCConfigurationList;
			buildConfigurations = (
				0DBD1E60241AF0A400FB391D /* Debug */,
				0DBD1E61241AF0A400FB391D /* Release */,
			);
			defaultConfigurationIsVisible = 0;
			defaultConfigurationName = Release;
		};
/* End XCConfigurationList section */
	};
	rootObject = 0DBD1E43241AF0A300FB391D /* Project object */;
}
