// !$*UTF8*$!
{
	archiveVersion = 1;
	classes = {
	};
	objectVersion = 50;
	objects = {

/* Begin PBXBuildFile section */
		95236EF726D5D4B600F873DD /* NewBookViewController.swift in Sources */ = {isa = PBXBuildFile; fileRef = 95236EF626D5D4B600F873DD /* NewBookViewController.swift */; };
		95236EF926D5D89500F873DD /* LibraryHeaderView.xib in Resources */ = {isa = PBXBuildFile; fileRef = 95236EF826D5D89500F873DD /* LibraryHeaderView.xib */; };
		952F80AC26D4A9AA009AFCB8 /* AppDelegate.swift in Sources */ = {isa = PBXBuildFile; fileRef = 952F80AB26D4A9AA009AFCB8 /* AppDelegate.swift */; };
		952F80AE26D4A9AA009AFCB8 /* SceneDelegate.swift in Sources */ = {isa = PBXBuildFile; fileRef = 952F80AD26D4A9AA009AFCB8 /* SceneDelegate.swift */; };
		952F80B026D4A9AA009AFCB8 /* LibraryViewController.swift in Sources */ = {isa = PBXBuildFile; fileRef = 952F80AF26D4A9AA009AFCB8 /* LibraryViewController.swift */; };
		952F80B326D4A9AA009AFCB8 /* Main.storyboard in Resources */ = {isa = PBXBuildFile; fileRef = 952F80B126D4A9AA009AFCB8 /* Main.storyboard */; };
		952F80B526D4A9AB009AFCB8 /* Assets.xcassets in Resources */ = {isa = PBXBuildFile; fileRef = 952F80B426D4A9AB009AFCB8 /* Assets.xcassets */; };
		952F80B826D4A9AB009AFCB8 /* LaunchScreen.storyboard in Resources */ = {isa = PBXBuildFile; fileRef = 952F80B626D4A9AB009AFCB8 /* LaunchScreen.storyboard */; };
		952F80C026D4AAA3009AFCB8 /* Book.swift in Sources */ = {isa = PBXBuildFile; fileRef = 952F80BF26D4AAA3009AFCB8 /* Book.swift */; };
		952F80C426D4BDE6009AFCB8 /* DetailViewController.swift in Sources */ = {isa = PBXBuildFile; fileRef = 952F80C326D4BDE6009AFCB8 /* DetailViewController.swift */; };
		952F80C626D4C659009AFCB8 /* Library.swift in Sources */ = {isa = PBXBuildFile; fileRef = 952F80C526D4C659009AFCB8 /* Library.swift */; };
		952F80C826D4D044009AFCB8 /* BookCell.swift in Sources */ = {isa = PBXBuildFile; fileRef = 952F80C726D4D044009AFCB8 /* BookCell.swift */; };
/* End PBXBuildFile section */

/* Begin PBXFileReference section */
		95236EF626D5D4B600F873DD /* NewBookViewController.swift */ = {isa = PBXFileReference; lastKnownFileType = sourcecode.swift; path = NewBookViewController.swift; sourceTree = "<group>"; };
		95236EF826D5D89500F873DD /* LibraryHeaderView.xib */ = {isa = PBXFileReference; lastKnownFileType = file.xib; path = LibraryHeaderView.xib; sourceTree = "<group>"; };
		952F80A826D4A9AA009AFCB8 /* ReadMe.app */ = {isa = PBXFileReference; explicitFileType = wrapper.application; includeInIndex = 0; path = ReadMe.app; sourceTree = BUILT_PRODUCTS_DIR; };
		952F80AB26D4A9AA009AFCB8 /* AppDelegate.swift */ = {isa = PBXFileReference; lastKnownFileType = sourcecode.swift; path = AppDelegate.swift; sourceTree = "<group>"; };
		952F80AD26D4A9AA009AFCB8 /* SceneDelegate.swift */ = {isa = PBXFileReference; lastKnownFileType = sourcecode.swift; path = SceneDelegate.swift; sourceTree = "<group>"; };
		952F80AF26D4A9AA009AFCB8 /* LibraryViewController.swift */ = {isa = PBXFileReference; lastKnownFileType = sourcecode.swift; path = LibraryViewController.swift; sourceTree = "<group>"; };
		952F80B226D4A9AA009AFCB8 /* Base */ = {isa = PBXFileReference; lastKnownFileType = file.storyboard; name = Base; path = Base.lproj/Main.storyboard; sourceTree = "<group>"; };
		952F80B426D4A9AB009AFCB8 /* Assets.xcassets */ = {isa = PBXFileReference; lastKnownFileType = folder.assetcatalog; path = Assets.xcassets; sourceTree = "<group>"; };
		952F80B726D4A9AB009AFCB8 /* Base */ = {isa = PBXFileReference; lastKnownFileType = file.storyboard; name = Base; path = Base.lproj/LaunchScreen.storyboard; sourceTree = "<group>"; };
		952F80B926D4A9AB009AFCB8 /* Info.plist */ = {isa = PBXFileReference; lastKnownFileType = text.plist.xml; path = Info.plist; sourceTree = "<group>"; };
		952F80BF26D4AAA3009AFCB8 /* Book.swift */ = {isa = PBXFileReference; lastKnownFileType = sourcecode.swift; path = Book.swift; sourceTree = "<group>"; };
		952F80C326D4BDE6009AFCB8 /* DetailViewController.swift */ = {isa = PBXFileReference; lastKnownFileType = sourcecode.swift; path = DetailViewController.swift; sourceTree = "<group>"; };
		952F80C526D4C659009AFCB8 /* Library.swift */ = {isa = PBXFileReference; fileEncoding = 4; lastKnownFileType = sourcecode.swift; name = Library.swift; path = "../../../../../../Downloads/video-tv-materials-versions-5.1/06-reload-data/Library.swift"; sourceTree = "<group>"; };
		952F80C726D4D044009AFCB8 /* BookCell.swift */ = {isa = PBXFileReference; lastKnownFileType = sourcecode.swift; path = BookCell.swift; sourceTree = "<group>"; };
/* End PBXFileReference section */

/* Begin PBXFrameworksBuildPhase section */
		952F80A526D4A9AA009AFCB8 /* Frameworks */ = {
			isa = PBXFrameworksBuildPhase;
			buildActionMask = 2147483647;
			files = (
			);
			runOnlyForDeploymentPostprocessing = 0;
		};
/* End PBXFrameworksBuildPhase section */

/* Begin PBXGroup section */
		952F809F26D4A9AA009AFCB8 = {
			isa = PBXGroup;
			children = (
				952F80AA26D4A9AA009AFCB8 /* ReadMe */,
				952F80A926D4A9AA009AFCB8 /* Products */,
			);
			sourceTree = "<group>";
		};
		952F80A926D4A9AA009AFCB8 /* Products */ = {
			isa = PBXGroup;
			children = (
				952F80A826D4A9AA009AFCB8 /* ReadMe.app */,
			);
			name = Products;
			sourceTree = "<group>";
		};
		952F80AA26D4A9AA009AFCB8 /* ReadMe */ = {
			isa = PBXGroup;
			children = (
				952F80AB26D4A9AA009AFCB8 /* AppDelegate.swift */,
				952F80AD26D4A9AA009AFCB8 /* SceneDelegate.swift */,
				952F80AF26D4A9AA009AFCB8 /* LibraryViewController.swift */,
				952F80B126D4A9AA009AFCB8 /* Main.storyboard */,
				952F80B426D4A9AB009AFCB8 /* Assets.xcassets */,
				952F80C526D4C659009AFCB8 /* Library.swift */,
				952F80B626D4A9AB009AFCB8 /* LaunchScreen.storyboard */,
				952F80B926D4A9AB009AFCB8 /* Info.plist */,
				952F80BF26D4AAA3009AFCB8 /* Book.swift */,
				952F80C326D4BDE6009AFCB8 /* DetailViewController.swift */,
				952F80C726D4D044009AFCB8 /* BookCell.swift */,
				95236EF626D5D4B600F873DD /* NewBookViewController.swift */,
				95236EF826D5D89500F873DD /* LibraryHeaderView.xib */,
			);
			path = ReadMe;
			sourceTree = "<group>";
		};
/* End PBXGroup section */

/* Begin PBXNativeTarget section */
		952F80A726D4A9AA009AFCB8 /* ReadMe */ = {
			isa = PBXNativeTarget;
			buildConfigurationList = 952F80BC26D4A9AB009AFCB8 /* Build configuration list for PBXNativeTarget "ReadMe" */;
			buildPhases = (
				952F80A426D4A9AA009AFCB8 /* Sources */,
				952F80A526D4A9AA009AFCB8 /* Frameworks */,
				952F80A626D4A9AA009AFCB8 /* Resources */,
			);
			buildRules = (
			);
			dependencies = (
			);
			name = ReadMe;
			productName = ReadMe;
			productReference = 952F80A826D4A9AA009AFCB8 /* ReadMe.app */;
			productType = "com.apple.product-type.application";
		};
/* End PBXNativeTarget section */

/* Begin PBXProject section */
		952F80A026D4A9AA009AFCB8 /* Project object */ = {
			isa = PBXProject;
			attributes = {
				LastSwiftUpdateCheck = 1250;
				LastUpgradeCheck = 1250;
				TargetAttributes = {
					952F80A726D4A9AA009AFCB8 = {
						CreatedOnToolsVersion = 12.5.1;
					};
				};
			};
			buildConfigurationList = 952F80A326D4A9AA009AFCB8 /* Build configuration list for PBXProject "ReadMe" */;
			compatibilityVersion = "Xcode 9.3";
			developmentRegion = en;
			hasScannedForEncodings = 0;
			knownRegions = (
				en,
				Base,
			);
			mainGroup = 952F809F26D4A9AA009AFCB8;
			productRefGroup = 952F80A926D4A9AA009AFCB8 /* Products */;
			projectDirPath = "";
			projectRoot = "";
			targets = (
				952F80A726D4A9AA009AFCB8 /* ReadMe */,
			);
		};
/* End PBXProject section */

/* Begin PBXResourcesBuildPhase section */
		952F80A626D4A9AA009AFCB8 /* Resources */ = {
			isa = PBXResourcesBuildPhase;
			buildActionMask = 2147483647;
			files = (
				952F80B826D4A9AB009AFCB8 /* LaunchScreen.storyboard in Resources */,
				952F80B526D4A9AB009AFCB8 /* Assets.xcassets in Resources */,
				952F80B326D4A9AA009AFCB8 /* Main.storyboard in Resources */,
				95236EF926D5D89500F873DD /* LibraryHeaderView.xib in Resources */,
			);
			runOnlyForDeploymentPostprocessing = 0;
		};
/* End PBXResourcesBuildPhase section */

/* Begin PBXSourcesBuildPhase section */
		952F80A426D4A9AA009AFCB8 /* Sources */ = {
			isa = PBXSourcesBuildPhase;
			buildActionMask = 2147483647;
			files = (
				952F80C026D4AAA3009AFCB8 /* Book.swift in Sources */,
				952F80C626D4C659009AFCB8 /* Library.swift in Sources */,
				95236EF726D5D4B600F873DD /* NewBookViewController.swift in Sources */,
				952F80B026D4A9AA009AFCB8 /* LibraryViewController.swift in Sources */,
				952F80C826D4D044009AFCB8 /* BookCell.swift in Sources */,
				952F80C426D4BDE6009AFCB8 /* DetailViewController.swift in Sources */,
				952F80AC26D4A9AA009AFCB8 /* AppDelegate.swift in Sources */,
				952F80AE26D4A9AA009AFCB8 /* SceneDelegate.swift in Sources */,
			);
			runOnlyForDeploymentPostprocessing = 0;
		};
/* End PBXSourcesBuildPhase section */

/* Begin PBXVariantGroup section */
		952F80B126D4A9AA009AFCB8 /* Main.storyboard */ = {
			isa = PBXVariantGroup;
			children = (
				952F80B226D4A9AA009AFCB8 /* Base */,
			);
			name = Main.storyboard;
			sourceTree = "<group>";
		};
		952F80B626D4A9AB009AFCB8 /* LaunchScreen.storyboard */ = {
			isa = PBXVariantGroup;
			children = (
				952F80B726D4A9AB009AFCB8 /* Base */,
			);
			name = LaunchScreen.storyboard;
			sourceTree = "<group>";
		};
/* End PBXVariantGroup section */

/* Begin XCBuildConfiguration section */
		952F80BA26D4A9AB009AFCB8 /* Debug */ = {
			isa = XCBuildConfiguration;
			buildSettings = {
				ALWAYS_SEARCH_USER_PATHS = NO;
				CLANG_ANALYZER_NONNULL = YES;
				CLANG_ANALYZER_NUMBER_OBJECT_CONVERSION = YES_AGGRESSIVE;
				CLANG_CXX_LANGUAGE_STANDARD = "gnu++14";
				CLANG_CXX_LIBRARY = "libc++";
				CLANG_ENABLE_MODULES = YES;
				CLANG_ENABLE_OBJC_ARC = YES;
				CLANG_ENABLE_OBJC_WEAK = YES;
				CLANG_WARN_BLOCK_CAPTURE_AUTORELEASING = YES;
				CLANG_WARN_BOOL_CONVERSION = YES;
				CLANG_WARN_COMMA = YES;
				CLANG_WARN_CONSTANT_CONVERSION = YES;
				CLANG_WARN_DEPRECATED_OBJC_IMPLEMENTATIONS = YES;
				CLANG_WARN_DIRECT_OBJC_ISA_USAGE = YES_ERROR;
				CLANG_WARN_DOCUMENTATION_COMMENTS = YES;
				CLANG_WARN_EMPTY_BODY = YES;
				CLANG_WARN_ENUM_CONVERSION = YES;
				CLANG_WARN_INFINITE_RECURSION = YES;
				CLANG_WARN_INT_CONVERSION = YES;
				CLANG_WARN_NON_LITERAL_NULL_CONVERSION = YES;
				CLANG_WARN_OBJC_IMPLICIT_RETAIN_SELF = YES;
				CLANG_WARN_OBJC_LITERAL_CONVERSION = YES;
				CLANG_WARN_OBJC_ROOT_CLASS = YES_ERROR;
				CLANG_WARN_QUOTED_INCLUDE_IN_FRAMEWORK_HEADER = YES;
				CLANG_WARN_RANGE_LOOP_ANALYSIS = YES;
				CLANG_WARN_STRICT_PROTOTYPES = YES;
				CLANG_WARN_SUSPICIOUS_MOVE = YES;
				CLANG_WARN_UNGUARDED_AVAILABILITY = YES_AGGRESSIVE;
				CLANG_WARN_UNREACHABLE_CODE = YES;
				CLANG_WARN__DUPLICATE_METHOD_MATCH = YES;
				COPY_PHASE_STRIP = NO;
				DEBUG_INFORMATION_FORMAT = dwarf;
				ENABLE_STRICT_OBJC_MSGSEND = YES;
				ENABLE_TESTABILITY = YES;
				GCC_C_LANGUAGE_STANDARD = gnu11;
				GCC_DYNAMIC_NO_PIC = NO;
				GCC_NO_COMMON_BLOCKS = YES;
				GCC_OPTIMIZATION_LEVEL = 0;
				GCC_PREPROCESSOR_DEFINITIONS = (
					"DEBUG=1",
					"$(inherited)",
				);
				GCC_WARN_64_TO_32_BIT_CONVERSION = YES;
				GCC_WARN_ABOUT_RETURN_TYPE = YES_ERROR;
				GCC_WARN_UNDECLARED_SELECTOR = YES;
				GCC_WARN_UNINITIALIZED_AUTOS = YES_AGGRESSIVE;
				GCC_WARN_UNUSED_FUNCTION = YES;
				GCC_WARN_UNUSED_VARIABLE = YES;
				IPHONEOS_DEPLOYMENT_TARGET = 14.5;
				MTL_ENABLE_DEBUG_INFO = INCLUDE_SOURCE;
				MTL_FAST_MATH = YES;
				ONLY_ACTIVE_ARCH = YES;
				SDKROOT = iphoneos;
				SWIFT_ACTIVE_COMPILATION_CONDITIONS = DEBUG;
				SWIFT_OPTIMIZATION_LEVEL = "-Onone";
			};
			name = Debug;
		};
		952F80BB26D4A9AB009AFCB8 /* Release */ = {
			isa = XCBuildConfiguration;
			buildSettings = {
				ALWAYS_SEARCH_USER_PATHS = NO;
				CLANG_ANALYZER_NONNULL = YES;
				CLANG_ANALYZER_NUMBER_OBJECT_CONVERSION = YES_AGGRESSIVE;
				CLANG_CXX_LANGUAGE_STANDARD = "gnu++14";
				CLANG_CXX_LIBRARY = "libc++";
				CLANG_ENABLE_MODULES = YES;
				CLANG_ENABLE_OBJC_ARC = YES;
				CLANG_ENABLE_OBJC_WEAK = YES;
				CLANG_WARN_BLOCK_CAPTURE_AUTORELEASING = YES;
				CLANG_WARN_BOOL_CONVERSION = YES;
				CLANG_WARN_COMMA = YES;
				CLANG_WARN_CONSTANT_CONVERSION = YES;
				CLANG_WARN_DEPRECATED_OBJC_IMPLEMENTATIONS = YES;
				CLANG_WARN_DIRECT_OBJC_ISA_USAGE = YES_ERROR;
				CLANG_WARN_DOCUMENTATION_COMMENTS = YES;
				CLANG_WARN_EMPTY_BODY = YES;
				CLANG_WARN_ENUM_CONVERSION = YES;
				CLANG_WARN_INFINITE_RECURSION = YES;
				CLANG_WARN_INT_CONVERSION = YES;
				CLANG_WARN_NON_LITERAL_NULL_CONVERSION = YES;
				CLANG_WARN_OBJC_IMPLICIT_RETAIN_SELF = YES;
				CLANG_WARN_OBJC_LITERAL_CONVERSION = YES;
				CLANG_WARN_OBJC_ROOT_CLASS = YES_ERROR;
				CLANG_WARN_QUOTED_INCLUDE_IN_FRAMEWORK_HEADER = YES;
				CLANG_WARN_RANGE_LOOP_ANALYSIS = YES;
				CLANG_WARN_STRICT_PROTOTYPES = YES;
				CLANG_WARN_SUSPICIOUS_MOVE = YES;
				CLANG_WARN_UNGUARDED_AVAILABILITY = YES_AGGRESSIVE;
				CLANG_WARN_UNREACHABLE_CODE = YES;
				CLANG_WARN__DUPLICATE_METHOD_MATCH = YES;
				COPY_PHASE_STRIP = NO;
				DEBUG_INFORMATION_FORMAT = "dwarf-with-dsym";
				ENABLE_NS_ASSERTIONS = NO;
				ENABLE_STRICT_OBJC_MSGSEND = YES;
				GCC_C_LANGUAGE_STANDARD = gnu11;
				GCC_NO_COMMON_BLOCKS = YES;
				GCC_WARN_64_TO_32_BIT_CONVERSION = YES;
				GCC_WARN_ABOUT_RETURN_TYPE = YES_ERROR;
				GCC_WARN_UNDECLARED_SELECTOR = YES;
				GCC_WARN_UNINITIALIZED_AUTOS = YES_AGGRESSIVE;
				GCC_WARN_UNUSED_FUNCTION = YES;
				GCC_WARN_UNUSED_VARIABLE = YES;
				IPHONEOS_DEPLOYMENT_TARGET = 14.5;
				MTL_ENABLE_DEBUG_INFO = NO;
				MTL_FAST_MATH = YES;
				SDKROOT = iphoneos;
				SWIFT_COMPILATION_MODE = wholemodule;
				SWIFT_OPTIMIZATION_LEVEL = "-O";
				VALIDATE_PRODUCT = YES;
			};
			name = Release;
		};
		952F80BD26D4A9AB009AFCB8 /* Debug */ = {
			isa = XCBuildConfiguration;
			buildSettings = {
				ASSETCATALOG_COMPILER_APPICON_NAME = AppIcon;
				ASSETCATALOG_COMPILER_GLOBAL_ACCENT_COLOR_NAME = AccentColor;
				CODE_SIGN_STYLE = Automatic;
				DEVELOPMENT_TEAM = 399236YMWF;
				INFOPLIST_FILE = ReadMe/Info.plist;
				LD_RUNPATH_SEARCH_PATHS = (
					"$(inherited)",
					"@executable_path/Frameworks",
				);
				PRODUCT_BUNDLE_IDENTIFIER = kr.ntoday.ReadMe;
				PRODUCT_NAME = "$(TARGET_NAME)";
				SWIFT_VERSION = 5.0;
				TARGETED_DEVICE_FAMILY = "1,2";
			};
			name = Debug;
		};
		952F80BE26D4A9AB009AFCB8 /* Release */ = {
			isa = XCBuildConfiguration;
			buildSettings = {
				ASSETCATALOG_COMPILER_APPICON_NAME = AppIcon;
				ASSETCATALOG_COMPILER_GLOBAL_ACCENT_COLOR_NAME = AccentColor;
				CODE_SIGN_STYLE = Automatic;
				DEVELOPMENT_TEAM = 399236YMWF;
				INFOPLIST_FILE = ReadMe/Info.plist;
				LD_RUNPATH_SEARCH_PATHS = (
					"$(inherited)",
					"@executable_path/Frameworks",
				);
				PRODUCT_BUNDLE_IDENTIFIER = kr.ntoday.ReadMe;
				PRODUCT_NAME = "$(TARGET_NAME)";
				SWIFT_VERSION = 5.0;
				TARGETED_DEVICE_FAMILY = "1,2";
			};
			name = Release;
		};
/* End XCBuildConfiguration section */

/* Begin XCConfigurationList section */
		952F80A326D4A9AA009AFCB8 /* Build configuration list for PBXProject "ReadMe" */ = {
			isa = XCConfigurationList;
			buildConfigurations = (
				952F80BA26D4A9AB009AFCB8 /* Debug */,
				952F80BB26D4A9AB009AFCB8 /* Release */,
			);
			defaultConfigurationIsVisible = 0;
			defaultConfigurationName = Release;
		};
		952F80BC26D4A9AB009AFCB8 /* Build configuration list for PBXNativeTarget "ReadMe" */ = {
			isa = XCConfigurationList;
			buildConfigurations = (
				952F80BD26D4A9AB009AFCB8 /* Debug */,
				952F80BE26D4A9AB009AFCB8 /* Release */,
			);
			defaultConfigurationIsVisible = 0;
			defaultConfigurationName = Release;
		};
/* End XCConfigurationList section */
	};
	rootObject = 952F80A026D4A9AA009AFCB8 /* Project object */;
}
