// !$*UTF8*$!
{
	archiveVersion = 1;
	classes = {
	};
	objectVersion = 50;
	objects = {

/* Begin PBXBuildFile section */
		0D59D6D02566091E00EED411 /* WatchFX WatchKit App.app in Embed Watch Content */ = {isa = PBXBuildFile; fileRef = 0D59D6CF2566091E00EED411 /* WatchFX WatchKit App.app */; settings = {ATTRIBUTES = (RemoveHeadersOnCopy, ); }; };
		0D59D6D52566092000EED411 /* Assets.xcassets in Resources */ = {isa = PBXBuildFile; fileRef = 0D59D6D42566092000EED411 /* Assets.xcassets */; };
		0D59D6DC2566092000EED411 /* WatchFX WatchKit Extension.appex in Embed App Extensions */ = {isa = PBXBuildFile; fileRef = 0D59D6DB2566092000EED411 /* WatchFX WatchKit Extension.appex */; settings = {ATTRIBUTES = (RemoveHeadersOnCopy, ); }; };
		0D59D6E12566092000EED411 /* WatchFXApp.swift in Sources */ = {isa = PBXBuildFile; fileRef = 0D59D6E02566092000EED411 /* WatchFXApp.swift */; };
		0D59D6E32566092000EED411 /* ContentView.swift in Sources */ = {isa = PBXBuildFile; fileRef = 0D59D6E22566092000EED411 /* ContentView.swift */; };
		0D59D6E52566092000EED411 /* NotificationController.swift in Sources */ = {isa = PBXBuildFile; fileRef = 0D59D6E42566092000EED411 /* NotificationController.swift */; };
		0D59D6E72566092000EED411 /* NotificationView.swift in Sources */ = {isa = PBXBuildFile; fileRef = 0D59D6E62566092000EED411 /* NotificationView.swift */; };
		0D59D6E92566092000EED411 /* ComplicationController.swift in Sources */ = {isa = PBXBuildFile; fileRef = 0D59D6E82566092000EED411 /* ComplicationController.swift */; };
		0D59D6EB2566092100EED411 /* Assets.xcassets in Resources */ = {isa = PBXBuildFile; fileRef = 0D59D6EA2566092100EED411 /* Assets.xcassets */; };
		0D59D6EE2566092100EED411 /* Preview Assets.xcassets in Resources */ = {isa = PBXBuildFile; fileRef = 0D59D6ED2566092100EED411 /* Preview Assets.xcassets */; };
		0D59D70225660F0200EED411 /* MainView.swift in Sources */ = {isa = PBXBuildFile; fileRef = 0D59D70125660F0200EED411 /* MainView.swift */; };
		0D59D70725660F3400EED411 /* CurrenciesView.swift in Sources */ = {isa = PBXBuildFile; fileRef = 0D59D70625660F3400EED411 /* CurrenciesView.swift */; };
		0D59D70C256612D500EED411 /* ResultsView.swift in Sources */ = {isa = PBXBuildFile; fileRef = 0D59D70B256612D500EED411 /* ResultsView.swift */; };
/* End PBXBuildFile section */

/* Begin PBXContainerItemProxy section */
		0D59D6D12566091E00EED411 /* PBXContainerItemProxy */ = {
			isa = PBXContainerItemProxy;
			containerPortal = 0D59D6C52566091E00EED411 /* Project object */;
			proxyType = 1;
			remoteGlobalIDString = 0D59D6CE2566091E00EED411;
			remoteInfo = "WatchFX WatchKit App";
		};
		0D59D6DD2566092000EED411 /* PBXContainerItemProxy */ = {
			isa = PBXContainerItemProxy;
			containerPortal = 0D59D6C52566091E00EED411 /* Project object */;
			proxyType = 1;
			remoteGlobalIDString = 0D59D6DA2566092000EED411;
			remoteInfo = "WatchFX WatchKit Extension";
		};
/* End PBXContainerItemProxy section */

/* Begin PBXCopyFilesBuildPhase section */
		0D59D6F62566092100EED411 /* Embed App Extensions */ = {
			isa = PBXCopyFilesBuildPhase;
			buildActionMask = 2147483647;
			dstPath = "";
			dstSubfolderSpec = 13;
			files = (
				0D59D6DC2566092000EED411 /* WatchFX WatchKit Extension.appex in Embed App Extensions */,
			);
			name = "Embed App Extensions";
			runOnlyForDeploymentPostprocessing = 0;
		};
		0D59D6FA2566092100EED411 /* Embed Watch Content */ = {
			isa = PBXCopyFilesBuildPhase;
			buildActionMask = 2147483647;
			dstPath = "$(CONTENTS_FOLDER_PATH)/Watch";
			dstSubfolderSpec = 16;
			files = (
				0D59D6D02566091E00EED411 /* WatchFX WatchKit App.app in Embed Watch Content */,
			);
			name = "Embed Watch Content";
			runOnlyForDeploymentPostprocessing = 0;
		};
/* End PBXCopyFilesBuildPhase section */

/* Begin PBXFileReference section */
		0D59D6CB2566091E00EED411 /* WatchFX.app */ = {isa = PBXFileReference; explicitFileType = wrapper.application; includeInIndex = 0; path = WatchFX.app; sourceTree = BUILT_PRODUCTS_DIR; };
		0D59D6CF2566091E00EED411 /* WatchFX WatchKit App.app */ = {isa = PBXFileReference; explicitFileType = wrapper.application; includeInIndex = 0; path = "WatchFX WatchKit App.app"; sourceTree = BUILT_PRODUCTS_DIR; };
		0D59D6D42566092000EED411 /* Assets.xcassets */ = {isa = PBXFileReference; lastKnownFileType = folder.assetcatalog; path = Assets.xcassets; sourceTree = "<group>"; };
		0D59D6D62566092000EED411 /* Info.plist */ = {isa = PBXFileReference; lastKnownFileType = text.plist.xml; path = Info.plist; sourceTree = "<group>"; };
		0D59D6DB2566092000EED411 /* WatchFX WatchKit Extension.appex */ = {isa = PBXFileReference; explicitFileType = "wrapper.app-extension"; includeInIndex = 0; path = "WatchFX WatchKit Extension.appex"; sourceTree = BUILT_PRODUCTS_DIR; };
		0D59D6E02566092000EED411 /* WatchFXApp.swift */ = {isa = PBXFileReference; lastKnownFileType = sourcecode.swift; path = WatchFXApp.swift; sourceTree = "<group>"; };
		0D59D6E22566092000EED411 /* ContentView.swift */ = {isa = PBXFileReference; lastKnownFileType = sourcecode.swift; path = ContentView.swift; sourceTree = "<group>"; };
		0D59D6E42566092000EED411 /* NotificationController.swift */ = {isa = PBXFileReference; lastKnownFileType = sourcecode.swift; path = NotificationController.swift; sourceTree = "<group>"; };
		0D59D6E62566092000EED411 /* NotificationView.swift */ = {isa = PBXFileReference; lastKnownFileType = sourcecode.swift; path = NotificationView.swift; sourceTree = "<group>"; };
		0D59D6E82566092000EED411 /* ComplicationController.swift */ = {isa = PBXFileReference; lastKnownFileType = sourcecode.swift; path = ComplicationController.swift; sourceTree = "<group>"; };
		0D59D6EA2566092100EED411 /* Assets.xcassets */ = {isa = PBXFileReference; lastKnownFileType = folder.assetcatalog; path = Assets.xcassets; sourceTree = "<group>"; };
		0D59D6ED2566092100EED411 /* Preview Assets.xcassets */ = {isa = PBXFileReference; lastKnownFileType = folder.assetcatalog; path = "Preview Assets.xcassets"; sourceTree = "<group>"; };
		0D59D6EF2566092100EED411 /* Info.plist */ = {isa = PBXFileReference; lastKnownFileType = text.plist.xml; path = Info.plist; sourceTree = "<group>"; };
		0D59D6F02566092100EED411 /* PushNotificationPayload.apns */ = {isa = PBXFileReference; lastKnownFileType = text; path = PushNotificationPayload.apns; sourceTree = "<group>"; };
		0D59D70125660F0200EED411 /* MainView.swift */ = {isa = PBXFileReference; lastKnownFileType = sourcecode.swift; path = MainView.swift; sourceTree = "<group>"; };
		0D59D70625660F3400EED411 /* CurrenciesView.swift */ = {isa = PBXFileReference; lastKnownFileType = sourcecode.swift; path = CurrenciesView.swift; sourceTree = "<group>"; };
		0D59D70B256612D500EED411 /* ResultsView.swift */ = {isa = PBXFileReference; lastKnownFileType = sourcecode.swift; path = ResultsView.swift; sourceTree = "<group>"; };
/* End PBXFileReference section */

/* Begin PBXFrameworksBuildPhase section */
		0D59D6D82566092000EED411 /* Frameworks */ = {
			isa = PBXFrameworksBuildPhase;
			buildActionMask = 2147483647;
			files = (
			);
			runOnlyForDeploymentPostprocessing = 0;
		};
/* End PBXFrameworksBuildPhase section */

/* Begin PBXGroup section */
		0D59D6C42566091E00EED411 = {
			isa = PBXGroup;
			children = (
				0D59D6D32566091E00EED411 /* WatchFX WatchKit App */,
				0D59D6DF2566092000EED411 /* WatchFX WatchKit Extension */,
				0D59D6CC2566091E00EED411 /* Products */,
			);
			sourceTree = "<group>";
		};
		0D59D6CC2566091E00EED411 /* Products */ = {
			isa = PBXGroup;
			children = (
				0D59D6CB2566091E00EED411 /* WatchFX.app */,
				0D59D6CF2566091E00EED411 /* WatchFX WatchKit App.app */,
				0D59D6DB2566092000EED411 /* WatchFX WatchKit Extension.appex */,
			);
			name = Products;
			sourceTree = "<group>";
		};
		0D59D6D32566091E00EED411 /* WatchFX WatchKit App */ = {
			isa = PBXGroup;
			children = (
				0D59D6D42566092000EED411 /* Assets.xcassets */,
				0D59D6D62566092000EED411 /* Info.plist */,
			);
			path = "WatchFX WatchKit App";
			sourceTree = "<group>";
		};
		0D59D6DF2566092000EED411 /* WatchFX WatchKit Extension */ = {
			isa = PBXGroup;
			children = (
				0D59D6E02566092000EED411 /* WatchFXApp.swift */,
				0D59D6E22566092000EED411 /* ContentView.swift */,
				0D59D6E42566092000EED411 /* NotificationController.swift */,
				0D59D6E62566092000EED411 /* NotificationView.swift */,
				0D59D6E82566092000EED411 /* ComplicationController.swift */,
				0D59D6EA2566092100EED411 /* Assets.xcassets */,
				0D59D6EF2566092100EED411 /* Info.plist */,
				0D59D6F02566092100EED411 /* PushNotificationPayload.apns */,
				0D59D6EC2566092100EED411 /* Preview Content */,
				0D59D70125660F0200EED411 /* MainView.swift */,
				0D59D70625660F3400EED411 /* CurrenciesView.swift */,
				0D59D70B256612D500EED411 /* ResultsView.swift */,
			);
			path = "WatchFX WatchKit Extension";
			sourceTree = "<group>";
		};
		0D59D6EC2566092100EED411 /* Preview Content */ = {
			isa = PBXGroup;
			children = (
				0D59D6ED2566092100EED411 /* Preview Assets.xcassets */,
			);
			path = "Preview Content";
			sourceTree = "<group>";
		};
/* End PBXGroup section */

/* Begin PBXNativeTarget section */
		0D59D6CA2566091E00EED411 /* WatchFX */ = {
			isa = PBXNativeTarget;
			buildConfigurationList = 0D59D6FB2566092100EED411 /* Build configuration list for PBXNativeTarget "WatchFX" */;
			buildPhases = (
				0D59D6C92566091E00EED411 /* Resources */,
				0D59D6FA2566092100EED411 /* Embed Watch Content */,
			);
			buildRules = (
			);
			dependencies = (
				0D59D6D22566091E00EED411 /* PBXTargetDependency */,
			);
			name = WatchFX;
			productName = WatchFX;
			productReference = 0D59D6CB2566091E00EED411 /* WatchFX.app */;
			productType = "com.apple.product-type.application.watchapp2-container";
		};
		0D59D6CE2566091E00EED411 /* WatchFX WatchKit App */ = {
			isa = PBXNativeTarget;
			buildConfigurationList = 0D59D6F72566092100EED411 /* Build configuration list for PBXNativeTarget "WatchFX WatchKit App" */;
			buildPhases = (
				0D59D6CD2566091E00EED411 /* Resources */,
				0D59D6F62566092100EED411 /* Embed App Extensions */,
			);
			buildRules = (
			);
			dependencies = (
				0D59D6DE2566092000EED411 /* PBXTargetDependency */,
			);
			name = "WatchFX WatchKit App";
			productName = "WatchFX WatchKit App";
			productReference = 0D59D6CF2566091E00EED411 /* WatchFX WatchKit App.app */;
			productType = "com.apple.product-type.application.watchapp2";
		};
		0D59D6DA2566092000EED411 /* WatchFX WatchKit Extension */ = {
			isa = PBXNativeTarget;
			buildConfigurationList = 0D59D6F32566092100EED411 /* Build configuration list for PBXNativeTarget "WatchFX WatchKit Extension" */;
			buildPhases = (
				0D59D6D72566092000EED411 /* Sources */,
				0D59D6D82566092000EED411 /* Frameworks */,
				0D59D6D92566092000EED411 /* Resources */,
			);
			buildRules = (
			);
			dependencies = (
			);
			name = "WatchFX WatchKit Extension";
			productName = "WatchFX WatchKit Extension";
			productReference = 0D59D6DB2566092000EED411 /* WatchFX WatchKit Extension.appex */;
			productType = "com.apple.product-type.watchkit2-extension";
		};
/* End PBXNativeTarget section */

/* Begin PBXProject section */
		0D59D6C52566091E00EED411 /* Project object */ = {
			isa = PBXProject;
			attributes = {
				LastSwiftUpdateCheck = 1220;
				LastUpgradeCheck = 1220;
				TargetAttributes = {
					0D59D6CA2566091E00EED411 = {
						CreatedOnToolsVersion = 12.2;
					};
					0D59D6CE2566091E00EED411 = {
						CreatedOnToolsVersion = 12.2;
					};
					0D59D6DA2566092000EED411 = {
						CreatedOnToolsVersion = 12.2;
					};
				};
			};
			buildConfigurationList = 0D59D6C82566091E00EED411 /* Build configuration list for PBXProject "WatchFX" */;
			compatibilityVersion = "Xcode 9.3";
			developmentRegion = en;
			hasScannedForEncodings = 0;
			knownRegions = (
				en,
				Base,
			);
			mainGroup = 0D59D6C42566091E00EED411;
			productRefGroup = 0D59D6CC2566091E00EED411 /* Products */;
			projectDirPath = "";
			projectRoot = "";
			targets = (
				0D59D6CA2566091E00EED411 /* WatchFX */,
				0D59D6CE2566091E00EED411 /* WatchFX WatchKit App */,
				0D59D6DA2566092000EED411 /* WatchFX WatchKit Extension */,
			);
		};
/* End PBXProject section */

/* Begin PBXResourcesBuildPhase section */
		0D59D6C92566091E00EED411 /* Resources */ = {
			isa = PBXResourcesBuildPhase;
			buildActionMask = 2147483647;
			files = (
			);
			runOnlyForDeploymentPostprocessing = 0;
		};
		0D59D6CD2566091E00EED411 /* Resources */ = {
			isa = PBXResourcesBuildPhase;
			buildActionMask = 2147483647;
			files = (
				0D59D6D52566092000EED411 /* Assets.xcassets in Resources */,
			);
			runOnlyForDeploymentPostprocessing = 0;
		};
		0D59D6D92566092000EED411 /* Resources */ = {
			isa = PBXResourcesBuildPhase;
			buildActionMask = 2147483647;
			files = (
				0D59D6EE2566092100EED411 /* Preview Assets.xcassets in Resources */,
				0D59D6EB2566092100EED411 /* Assets.xcassets in Resources */,
			);
			runOnlyForDeploymentPostprocessing = 0;
		};
/* End PBXResourcesBuildPhase section */

/* Begin PBXSourcesBuildPhase section */
		0D59D6D72566092000EED411 /* Sources */ = {
			isa = PBXSourcesBuildPhase;
			buildActionMask = 2147483647;
			files = (
				0D59D6E52566092000EED411 /* NotificationController.swift in Sources */,
				0D59D70C256612D500EED411 /* ResultsView.swift in Sources */,
				0D59D70225660F0200EED411 /* MainView.swift in Sources */,
				0D59D6E32566092000EED411 /* ContentView.swift in Sources */,
				0D59D6E92566092000EED411 /* ComplicationController.swift in Sources */,
				0D59D6E12566092000EED411 /* WatchFXApp.swift in Sources */,
				0D59D70725660F3400EED411 /* CurrenciesView.swift in Sources */,
				0D59D6E72566092000EED411 /* NotificationView.swift in Sources */,
			);
			runOnlyForDeploymentPostprocessing = 0;
		};
/* End PBXSourcesBuildPhase section */

/* Begin PBXTargetDependency section */
		0D59D6D22566091E00EED411 /* PBXTargetDependency */ = {
			isa = PBXTargetDependency;
			target = 0D59D6CE2566091E00EED411 /* WatchFX WatchKit App */;
			targetProxy = 0D59D6D12566091E00EED411 /* PBXContainerItemProxy */;
		};
		0D59D6DE2566092000EED411 /* PBXTargetDependency */ = {
			isa = PBXTargetDependency;
			target = 0D59D6DA2566092000EED411 /* WatchFX WatchKit Extension */;
			targetProxy = 0D59D6DD2566092000EED411 /* PBXContainerItemProxy */;
		};
/* End PBXTargetDependency section */

/* Begin XCBuildConfiguration section */
		0D59D6F12566092100EED411 /* Debug */ = {
			isa = XCBuildConfiguration;
			buildSettings = {
				ALWAYS_SEARCH_USER_PATHS = NO;
				CLANG_ANALYZER_NONNULL = YES;
				CLANG_ANALYZER_NUMBER_OBJECT_CONVERSION = YES_AGGRESSIVE;
				CLANG_CXX_LANGUAGE_STANDARD = "gnu++14";
				CLANG_CXX_LIBRARY = "libc++";
				CLANG_ENABLE_MODULES = YES;
				CLANG_ENABLE_OBJC_ARC = YES;
				CLANG_ENABLE_OBJC_WEAK = YES;
				CLANG_WARN_BLOCK_CAPTURE_AUTORELEASING = YES;
				CLANG_WARN_BOOL_CONVERSION = YES;
				CLANG_WARN_COMMA = YES;
				CLANG_WARN_CONSTANT_CONVERSION = YES;
				CLANG_WARN_DEPRECATED_OBJC_IMPLEMENTATIONS = YES;
				CLANG_WARN_DIRECT_OBJC_ISA_USAGE = YES_ERROR;
				CLANG_WARN_DOCUMENTATION_COMMENTS = YES;
				CLANG_WARN_EMPTY_BODY = YES;
				CLANG_WARN_ENUM_CONVERSION = YES;
				CLANG_WARN_INFINITE_RECURSION = YES;
				CLANG_WARN_INT_CONVERSION = YES;
				CLANG_WARN_NON_LITERAL_NULL_CONVERSION = YES;
				CLANG_WARN_OBJC_IMPLICIT_RETAIN_SELF = YES;
				CLANG_WARN_OBJC_LITERAL_CONVERSION = YES;
				CLANG_WARN_OBJC_ROOT_CLASS = YES_ERROR;
				CLANG_WARN_QUOTED_INCLUDE_IN_FRAMEWORK_HEADER = YES;
				CLANG_WARN_RANGE_LOOP_ANALYSIS = YES;
				CLANG_WARN_STRICT_PROTOTYPES = YES;
				CLANG_WARN_SUSPICIOUS_MOVE = YES;
				CLANG_WARN_UNGUARDED_AVAILABILITY = YES_AGGRESSIVE;
				CLANG_WARN_UNREACHABLE_CODE = YES;
				CLANG_WARN__DUPLICATE_METHOD_MATCH = YES;
				COPY_PHASE_STRIP = NO;
				DEBUG_INFORMATION_FORMAT = dwarf;
				ENABLE_STRICT_OBJC_MSGSEND = YES;
				ENABLE_TESTABILITY = YES;
				GCC_C_LANGUAGE_STANDARD = gnu11;
				GCC_DYNAMIC_NO_PIC = NO;
				GCC_NO_COMMON_BLOCKS = YES;
				GCC_OPTIMIZATION_LEVEL = 0;
				GCC_PREPROCESSOR_DEFINITIONS = (
					"DEBUG=1",
					"$(inherited)",
				);
				GCC_WARN_64_TO_32_BIT_CONVERSION = YES;
				GCC_WARN_ABOUT_RETURN_TYPE = YES_ERROR;
				GCC_WARN_UNDECLARED_SELECTOR = YES;
				GCC_WARN_UNINITIALIZED_AUTOS = YES_AGGRESSIVE;
				GCC_WARN_UNUSED_FUNCTION = YES;
				GCC_WARN_UNUSED_VARIABLE = YES;
				MTL_ENABLE_DEBUG_INFO = INCLUDE_SOURCE;
				MTL_FAST_MATH = YES;
				ONLY_ACTIVE_ARCH = YES;
				SDKROOT = iphoneos;
				SWIFT_ACTIVE_COMPILATION_CONDITIONS = DEBUG;
				SWIFT_OPTIMIZATION_LEVEL = "-Onone";
			};
			name = Debug;
		};
		0D59D6F22566092100EED411 /* Release */ = {
			isa = XCBuildConfiguration;
			buildSettings = {
				ALWAYS_SEARCH_USER_PATHS = NO;
				CLANG_ANALYZER_NONNULL = YES;
				CLANG_ANALYZER_NUMBER_OBJECT_CONVERSION = YES_AGGRESSIVE;
				CLANG_CXX_LANGUAGE_STANDARD = "gnu++14";
				CLANG_CXX_LIBRARY = "libc++";
				CLANG_ENABLE_MODULES = YES;
				CLANG_ENABLE_OBJC_ARC = YES;
				CLANG_ENABLE_OBJC_WEAK = YES;
				CLANG_WARN_BLOCK_CAPTURE_AUTORELEASING = YES;
				CLANG_WARN_BOOL_CONVERSION = YES;
				CLANG_WARN_COMMA = YES;
				CLANG_WARN_CONSTANT_CONVERSION = YES;
				CLANG_WARN_DEPRECATED_OBJC_IMPLEMENTATIONS = YES;
				CLANG_WARN_DIRECT_OBJC_ISA_USAGE = YES_ERROR;
				CLANG_WARN_DOCUMENTATION_COMMENTS = YES;
				CLANG_WARN_EMPTY_BODY = YES;
				CLANG_WARN_ENUM_CONVERSION = YES;
				CLANG_WARN_INFINITE_RECURSION = YES;
				CLANG_WARN_INT_CONVERSION = YES;
				CLANG_WARN_NON_LITERAL_NULL_CONVERSION = YES;
				CLANG_WARN_OBJC_IMPLICIT_RETAIN_SELF = YES;
				CLANG_WARN_OBJC_LITERAL_CONVERSION = YES;
				CLANG_WARN_OBJC_ROOT_CLASS = YES_ERROR;
				CLANG_WARN_QUOTED_INCLUDE_IN_FRAMEWORK_HEADER = YES;
				CLANG_WARN_RANGE_LOOP_ANALYSIS = YES;
				CLANG_WARN_STRICT_PROTOTYPES = YES;
				CLANG_WARN_SUSPICIOUS_MOVE = YES;
				CLANG_WARN_UNGUARDED_AVAILABILITY = YES_AGGRESSIVE;
				CLANG_WARN_UNREACHABLE_CODE = YES;
				CLANG_WARN__DUPLICATE_METHOD_MATCH = YES;
				COPY_PHASE_STRIP = NO;
				DEBUG_INFORMATION_FORMAT = "dwarf-with-dsym";
				ENABLE_NS_ASSERTIONS = NO;
				ENABLE_STRICT_OBJC_MSGSEND = YES;
				GCC_C_LANGUAGE_STANDARD = gnu11;
				GCC_NO_COMMON_BLOCKS = YES;
				GCC_WARN_64_TO_32_BIT_CONVERSION = YES;
				GCC_WARN_ABOUT_RETURN_TYPE = YES_ERROR;
				GCC_WARN_UNDECLARED_SELECTOR = YES;
				GCC_WARN_UNINITIALIZED_AUTOS = YES_AGGRESSIVE;
				GCC_WARN_UNUSED_FUNCTION = YES;
				GCC_WARN_UNUSED_VARIABLE = YES;
				MTL_ENABLE_DEBUG_INFO = NO;
				MTL_FAST_MATH = YES;
				SDKROOT = iphoneos;
				SWIFT_COMPILATION_MODE = wholemodule;
				SWIFT_OPTIMIZATION_LEVEL = "-O";
				VALIDATE_PRODUCT = YES;
			};
			name = Release;
		};
		0D59D6F42566092100EED411 /* Debug */ = {
			isa = XCBuildConfiguration;
			buildSettings = {
				ASSETCATALOG_COMPILER_COMPLICATION_NAME = Complication;
				CODE_SIGN_STYLE = Automatic;
				DEVELOPMENT_ASSET_PATHS = "\"WatchFX WatchKit Extension/Preview Content\"";
				DEVELOPMENT_TEAM = 399236YMWF;
				ENABLE_PREVIEWS = YES;
				INFOPLIST_FILE = "WatchFX WatchKit Extension/Info.plist";
				LD_RUNPATH_SEARCH_PATHS = (
					"$(inherited)",
					"@executable_path/Frameworks",
					"@executable_path/../../Frameworks",
				);
				PRODUCT_BUNDLE_IDENTIFIER = com.ntoday.WatchFX.watchkitapp.watchkitextension;
				PRODUCT_NAME = "${TARGET_NAME}";
				SDKROOT = watchos;
				SKIP_INSTALL = YES;
				SWIFT_VERSION = 5.0;
				TARGETED_DEVICE_FAMILY = 4;
				WATCHOS_DEPLOYMENT_TARGET = 7.1;
			};
			name = Debug;
		};
		0D59D6F52566092100EED411 /* Release */ = {
			isa = XCBuildConfiguration;
			buildSettings = {
				ASSETCATALOG_COMPILER_COMPLICATION_NAME = Complication;
				CODE_SIGN_STYLE = Automatic;
				DEVELOPMENT_ASSET_PATHS = "\"WatchFX WatchKit Extension/Preview Content\"";
				DEVELOPMENT_TEAM = 399236YMWF;
				ENABLE_PREVIEWS = YES;
				INFOPLIST_FILE = "WatchFX WatchKit Extension/Info.plist";
				LD_RUNPATH_SEARCH_PATHS = (
					"$(inherited)",
					"@executable_path/Frameworks",
					"@executable_path/../../Frameworks",
				);
				PRODUCT_BUNDLE_IDENTIFIER = com.ntoday.WatchFX.watchkitapp.watchkitextension;
				PRODUCT_NAME = "${TARGET_NAME}";
				SDKROOT = watchos;
				SKIP_INSTALL = YES;
				SWIFT_VERSION = 5.0;
				TARGETED_DEVICE_FAMILY = 4;
				WATCHOS_DEPLOYMENT_TARGET = 7.1;
			};
			name = Release;
		};
		0D59D6F82566092100EED411 /* Debug */ = {
			isa = XCBuildConfiguration;
			buildSettings = {
				ALWAYS_EMBED_SWIFT_STANDARD_LIBRARIES = YES;
				ASSETCATALOG_COMPILER_APPICON_NAME = AppIcon;
				ASSETCATALOG_COMPILER_GLOBAL_ACCENT_COLOR_NAME = AccentColor;
				CODE_SIGN_STYLE = Automatic;
				DEVELOPMENT_TEAM = 399236YMWF;
				IBSC_MODULE = WatchFX_WatchKit_Extension;
				INFOPLIST_FILE = "WatchFX WatchKit App/Info.plist";
				PRODUCT_BUNDLE_IDENTIFIER = com.ntoday.WatchFX.watchkitapp;
				PRODUCT_NAME = "$(TARGET_NAME)";
				SDKROOT = watchos;
				SKIP_INSTALL = YES;
				SWIFT_VERSION = 5.0;
				TARGETED_DEVICE_FAMILY = 4;
				WATCHOS_DEPLOYMENT_TARGET = 7.1;
			};
			name = Debug;
		};
		0D59D6F92566092100EED411 /* Release */ = {
			isa = XCBuildConfiguration;
			buildSettings = {
				ALWAYS_EMBED_SWIFT_STANDARD_LIBRARIES = YES;
				ASSETCATALOG_COMPILER_APPICON_NAME = AppIcon;
				ASSETCATALOG_COMPILER_GLOBAL_ACCENT_COLOR_NAME = AccentColor;
				CODE_SIGN_STYLE = Automatic;
				DEVELOPMENT_TEAM = 399236YMWF;
				IBSC_MODULE = WatchFX_WatchKit_Extension;
				INFOPLIST_FILE = "WatchFX WatchKit App/Info.plist";
				PRODUCT_BUNDLE_IDENTIFIER = com.ntoday.WatchFX.watchkitapp;
				PRODUCT_NAME = "$(TARGET_NAME)";
				SDKROOT = watchos;
				SKIP_INSTALL = YES;
				SWIFT_VERSION = 5.0;
				TARGETED_DEVICE_FAMILY = 4;
				WATCHOS_DEPLOYMENT_TARGET = 7.1;
			};
			name = Release;
		};
		0D59D6FC2566092100EED411 /* Debug */ = {
			isa = XCBuildConfiguration;
			buildSettings = {
				CODE_SIGN_STYLE = Automatic;
				CURRENT_PROJECT_VERSION = 1;
				DEVELOPMENT_TEAM = 399236YMWF;
				MARKETING_VERSION = 1.0;
				PRODUCT_BUNDLE_IDENTIFIER = com.ntoday.WatchFX;
				PRODUCT_NAME = "$(TARGET_NAME)";
				SWIFT_VERSION = 5.0;
			};
			name = Debug;
		};
		0D59D6FD2566092100EED411 /* Release */ = {
			isa = XCBuildConfiguration;
			buildSettings = {
				CODE_SIGN_STYLE = Automatic;
				CURRENT_PROJECT_VERSION = 1;
				DEVELOPMENT_TEAM = 399236YMWF;
				MARKETING_VERSION = 1.0;
				PRODUCT_BUNDLE_IDENTIFIER = com.ntoday.WatchFX;
				PRODUCT_NAME = "$(TARGET_NAME)";
				SWIFT_VERSION = 5.0;
			};
			name = Release;
		};
/* End XCBuildConfiguration section */

/* Begin XCConfigurationList section */
		0D59D6C82566091E00EED411 /* Build configuration list for PBXProject "WatchFX" */ = {
			isa = XCConfigurationList;
			buildConfigurations = (
				0D59D6F12566092100EED411 /* Debug */,
				0D59D6F22566092100EED411 /* Release */,
			);
			defaultConfigurationIsVisible = 0;
			defaultConfigurationName = Release;
		};
		0D59D6F32566092100EED411 /* Build configuration list for PBXNativeTarget "WatchFX WatchKit Extension" */ = {
			isa = XCConfigurationList;
			buildConfigurations = (
				0D59D6F42566092100EED411 /* Debug */,
				0D59D6F52566092100EED411 /* Release */,
			);
			defaultConfigurationIsVisible = 0;
			defaultConfigurationName = Release;
		};
		0D59D6F72566092100EED411 /* Build configuration list for PBXNativeTarget "WatchFX WatchKit App" */ = {
			isa = XCConfigurationList;
			buildConfigurations = (
				0D59D6F82566092100EED411 /* Debug */,
				0D59D6F92566092100EED411 /* Release */,
			);
			defaultConfigurationIsVisible = 0;
			defaultConfigurationName = Release;
		};
		0D59D6FB2566092100EED411 /* Build configuration list for PBXNativeTarget "WatchFX" */ = {
			isa = XCConfigurationList;
			buildConfigurations = (
				0D59D6FC2566092100EED411 /* Debug */,
				0D59D6FD2566092100EED411 /* Release */,
			);
			defaultConfigurationIsVisible = 0;
			defaultConfigurationName = Release;
		};
/* End XCConfigurationList section */
	};
	rootObject = 0D59D6C52566091E00EED411 /* Project object */;
}
